<?xml version="1.0" encoding="utf-8"?>
<Project ToolsVersion="4.0" xmlns="http://schemas.microsoft.com/developer/msbuild/2003">
  <ItemGroup>
    <Filter Include="ソース ファイル">
      <UniqueIdentifier>{4FC737F1-C7A5-4376-A066-2A32D752A2FF}</UniqueIdentifier>
      <Extensions>cpp;c;cc;cxx;def;odl;idl;hpj;bat;asm;asmx</Extensions>
    </Filter>
    <Filter Include="ヘッダー ファイル">
      <UniqueIdentifier>{93995380-89BD-4b04-88EB-625FBE52EBFB}</UniqueIdentifier>
      <Extensions>h;hh;hpp;hxx;hm;inl;inc;xsd</Extensions>
    </Filter>
    <Filter Include="リソース ファイル">
      <UniqueIdentifier>{67DA6AB6-F800-4c08-8B7A-83BB121AAD01}</UniqueIdentifier>
      <Extensions>rc;ico;cur;bmp;dlg;rc2;rct;bin;rgs;gif;jpg;jpeg;jpe;resx;tiff;tif;png;wav;mfcribbon-ms</Extensions>
    </Filter>
    <Filter Include="ヘッダー ファイル\State">
      <UniqueIdentifier>{7e7de1a9-9819-45d5-9365-b1f9bb062192}</UniqueIdentifier>
    </Filter>
    <Filter Include="ソース ファイル\State">
      <UniqueIdentifier>{d39ce697-239b-441b-b23b-5dfcceb68731}</UniqueIdentifier>
    </Filter>
    <Filter Include="ソース ファイル\Sound">
      <UniqueIdentifier>{d3e7046b-921a-4804-b349-c40b5199cd0a}</UniqueIdentifier>
    </Filter>
    <Filter Include="ソース ファイル\Util">
      <UniqueIdentifier>{90f79bac-00f3-4eae-878d-61bbc3c5a0c6}</UniqueIdentifier>
    </Filter>
    <Filter Include="ソース ファイル\MMD">
      <UniqueIdentifier>{7522c9df-4fae-41e3-956e-fc19b0bdca12}</UniqueIdentifier>
    </Filter>
    <Filter Include="ヘッダー ファイル\Util">
      <UniqueIdentifier>{bac96a27-4be5-4b57-94e6-d5541662ea29}</UniqueIdentifier>
    </Filter>
    <Filter Include="ヘッダー ファイル\MMD">
      <UniqueIdentifier>{566fde51-ed06-457f-8f2f-4f71a0a4669f}</UniqueIdentifier>
    </Filter>
    <Filter Include="ヘッダー ファイル\Sound">
      <UniqueIdentifier>{514e50f5-6574-441a-b2de-8194476d6d1c}</UniqueIdentifier>
    </Filter>
  </ItemGroup>
  <ItemGroup>
    <ClInclude Include="Src/Sound/CalculateBPM.h">
      <Filter>ヘッダー ファイル\Sound</Filter>
    </ClInclude>
    <ClInclude Include="Src/Sound/CaptureSound.h">
      <Filter>ヘッダー ファイル\Sound</Filter>
    </ClInclude>
    <ClInclude Include="Src/Sound/CheckNoSound.h">
      <Filter>ヘッダー ファイル\Sound</Filter>
    </ClInclude>
    <ClInclude Include="Src/State/DanceState.h">
      <Filter>ヘッダー ファイル\MMD</Filter>
    </ClInclude>
    <ClInclude Include="Src/MMD/DrawMMD.h">
      <Filter>ヘッダー ファイル\MMD</Filter>
    </ClInclude>
    <ClInclude Include="Src/MMD/ManageMMD.h">
      <Filter>ヘッダー ファイル\MMD</Filter>
    </ClInclude>
    <ClInclude Include="Src/Sound/OutputSound.h">
      <Filter>ヘッダー ファイル\Sound</Filter>
    </ClInclude>
    <ClInclude Include="Src/Sound/EstimateBPM.h">
      <Filter>ヘッダー ファイル\Sound</Filter>
    </ClInclude>
    <ClInclude Include="Src/Sound/fft.h">
      <Filter>ヘッダー ファイル\Sound</Filter>
    </ClInclude>
    <ClInclude Include="Src/State/ReadState.h">
      <Filter>ヘッダー ファイル\State</Filter>
    </ClInclude>
    <ClInclude Include="Src/State/RhythmState.h">
      <Filter>ヘッダー ファイル\State</Filter>
    </ClInclude>
    <ClInclude Include="Src/State/State.h">
      <Filter>ヘッダー ファイル\State</Filter>
    </ClInclude>
    <ClInclude Include="Src/State/StateManager.h">
      <Filter>ヘッダー ファイル\State</Filter>
    </ClInclude>
    <ClInclude Include="Src/State/StateMMD.h">
      <Filter>ヘッダー ファイル\State</Filter>
    </ClInclude>
    <ClInclude Include="Src/State/WaitState.h">
      <Filter>ヘッダー ファイル\State</Filter>
    </ClInclude>
    <ClInclude Include="Src/Sound/ReadWavFile.h">
      <Filter>ヘッダー ファイル\Sound</Filter>
    </ClInclude>
    <ClInclude Include="Src/Util/WinUtil.h">
      <Filter>ヘッダー ファイル\Util</Filter>
    </ClInclude>
    <ClInclude Include="Src/Util/UtilTimer.h">
      <Filter>ヘッダー ファイル\Util</Filter>
    </ClInclude>
    <ClInclude Include="Src/Sound/WaveFile.h">
      <Filter>ヘッダー ファイル\Sound</Filter>
    </ClInclude>
    <ClInclude Include="Src/Define.h">
      <Filter>ヘッダー ファイル</Filter>
    </ClInclude>
    <ClInclude Include="Src/window.h">
      <Filter>ヘッダー ファイル</Filter>
    </ClInclude>
    <ClInclude Include="Src\State\WalkState.h">
      <Filter>ヘッダー ファイル</Filter>
    </ClInclude>
    <ClInclude Include="Src\State\WalkStateManager.h">
      <Filter>ヘッダー ファイル</Filter>
    </ClInclude>
    <ClInclude Include="Src\Util\UtilMMD.h">
      <Filter>ヘッダー ファイル</Filter>
    </ClInclude>
    <ClInclude Include="Src\State\WaveHandState.h">
      <Filter>ヘッダー ファイル</Filter>
    </ClInclude>
    <ClInclude Include="Src\MMD\PlayAnim.h">
      <Filter>ヘッダー ファイル</Filter>
    </ClInclude>
    <ClInclude Include="Src\MMD\Anim\ActionManager.h">
      <Filter>ヘッダー ファイル</Filter>
    </ClInclude>
    <ClInclude Include="Src\MMD\Anim\AnimInterface.h">
      <Filter>ヘッダー ファイル</Filter>
    </ClInclude>
    <ClInclude Include="Src\MMD\Anim\PlayAnimQueue.h">
      <Filter>ヘッダー ファイル</Filter>
    </ClInclude>
    <ClInclude Include="Src\MMD\Anim\PlayAnimTrans.h">
      <Filter>ヘッダー ファイル</Filter>
    </ClInclude>
    <ClInclude Include="Src\MMD\Anim\PlayAnim.h">
      <Filter>ヘッダー ファイル</Filter>
    </ClInclude>
    <ClInclude Include="Src\MMD\WindowGravity.h">
      <Filter>ヘッダー ファイル</Filter>
    </ClInclude>
    <ClInclude Include="Src\Util\ConfigLoader.h">
      <Filter>ヘッダー ファイル</Filter>
    </ClInclude>
    <ClInclude Include="Src\Util\Util.h">
      <Filter>ヘッダー ファイル</Filter>
    </ClInclude>
    <ClInclude Include="Src\Util\UtilXml.h">
      <Filter>ヘッダー ファイル</Filter>
    </ClInclude>
    <ClInclude Include="Src\Util\MouseDrag.h">
      <Filter>ヘッダー ファイル</Filter>
    </ClInclude>
  </ItemGroup>
  <ItemGroup>
    <ClCompile Include="Src/Sound/CalculateBPM.cpp">
      <Filter>ソース ファイル\Sound</Filter>
    </ClCompile>
    <ClCompile Include="Src/Sound/CaptureSound.cpp">
      <Filter>ソース ファイル\Sound</Filter>
    </ClCompile>
    <ClCompile Include="Src/Sound/CheckNoSound.cpp">
      <Filter>ソース ファイル\Sound</Filter>
    </ClCompile>
    <ClCompile Include="Src/MMD/DrawMMD.cpp">
      <Filter>ソース ファイル\MMD</Filter>
    </ClCompile>
    <ClCompile Include="Src/MMD/ManageMMD.cpp">
      <Filter>ソース ファイル\MMD</Filter>
    </ClCompile>
    <ClCompile Include="Src/Sound/EstimateBPM.cpp">
      <Filter>ソース ファイル\Sound</Filter>
    </ClCompile>
    <ClCompile Include="Src/Sound/fft.cpp">
      <Filter>ソース ファイル\Sound</Filter>
    </ClCompile>
    <ClCompile Include="Src/Sound/OutputSound.cpp">
      <Filter>ソース ファイル\Sound</Filter>
    </ClCompile>
    <ClCompile Include="Src/State/RhythmState.cpp">
      <Filter>ソース ファイル\State</Filter>
    </ClCompile>
    <ClCompile Include="Src/State/ReadState.cpp">
      <Filter>ソース ファイル\State</Filter>
    </ClCompile>
    <ClCompile Include="Src/Sound/ReadWavFile.cpp">
      <Filter>ソース ファイル\Sound</Filter>
    </ClCompile>
    <ClCompile Include="Src/Util/UtilTimer.cpp">
      <Filter>ソース ファイル\Util</Filter>
    </ClCompile>
    <ClCompile Include="Src/Util/WinUtil.cpp">
      <Filter>ソース ファイル\Util</Filter>
    </ClCompile>
    <ClCompile Include="Src/main.cpp">
      <Filter>ソース ファイル</Filter>
    </ClCompile>
    <ClCompile Include="Src/window.cpp">
      <Filter>ソース ファイル</Filter>
    </ClCompile>
    <ClCompile Include="Src/State/DanceState.cpp">
      <Filter>ソース ファイル\State</Filter>
    </ClCompile>
    <ClCompile Include="Src\State\WalkState.cpp">
      <Filter>ソース ファイル</Filter>
    </ClCompile>
    <ClCompile Include="Src\State\WalkStateManager.cpp">
      <Filter>ソース ファイル</Filter>
    </ClCompile>
    <ClCompile Include="Src\State\WaitState.cpp">
      <Filter>ソース ファイル</Filter>
    </ClCompile>
    <ClCompile Include="Src\Util\UtilMMD.cpp">
      <Filter>ソース ファイル</Filter>
    </ClCompile>
    <ClCompile Include="Src\State\WaveHandState.cpp">
      <Filter>ソース ファイル</Filter>
    </ClCompile>
    <ClCompile Include="Src\MMD\Anim\PlayAnim.cpp">
      <Filter>ソース ファイル</Filter>
    </ClCompile>
    <ClCompile Include="Src\MMD\Anim\ActionManager.cpp">
      <Filter>ソース ファイル</Filter>
    </ClCompile>
    <ClCompile Include="Src\MMD\Anim\PlayAnimQueue.cpp">
      <Filter>ソース ファイル</Filter>
    </ClCompile>
    <ClCompile Include="Src\MMD\Anim\PlayAnimTrans.cpp">
      <Filter>ソース ファイル</Filter>
    </ClCompile>
    <ClCompile Include="Src\MMD\WindowGravity.cpp">
      <Filter>ソース ファイル</Filter>
    </ClCompile>
    <ClCompile Include="Src\Util\ConfigLoader.cpp">
      <Filter>ソース ファイル</Filter>
    </ClCompile>
    <ClCompile Include="Src\Util\UtilXml.cpp">
      <Filter>ソース ファイル</Filter>
    </ClCompile>
    <ClCompile Include="Src\Util\MouseDrag.cpp">
      <Filter>ソース ファイル</Filter>
    </ClCompile>
  </ItemGroup>
  <ItemGroup>
    <Xml Include="config.xml" />
  </ItemGroup>
</Project>